Microsoft Visual Studio Solution File, Format Version 9.00
# Visual Studio 2005
Project("{8BC9CEB8-8B4A-11D0-8D11-00A0C91BC942}") = "SHOW", "SHOW\SHOW.vcproj", "{7A2EB866-70DB-4ACF-9CB8-E19BEFD06C10}"
EndProject
Project("{8BC9CEB8-8B4A-11D0-8D11-00A0C91BC942}") = "6D_SLAM", "6D_SLAM\6D_SLAM.vcproj", "{B2000A32-8375-4DF8-8F9A-824F32840D8E}"
EndProject
Project("{8BC9CEB8-8B4A-11D0-8D11-00A0C91BC942}") = "UOS_DLL", "UOS_DLL\UOS_DLL.vcproj", "{B7D31627-C8B2-40F1-BA56-22748CBF6852}"
EndProject
Project("{8BC9CEB8-8B4A-11D0-8D11-00A0C91BC942}") = "IFP_DLL", "IFP_DLL\IFP_DLL.vcproj", "{811189A4-8BD9-49E1-967C-A0C650E91E40}"
EndProject
Project("{8BC9CEB8-8B4A-11D0-8D11-00A0C91BC942}") = "PLY_DLL", "PLY_DLL\PLY_DLL.vcproj", "{0ED74269-31AF-49E0-80A6-04409ACF8422}"
EndProject
Project("{8BC9CEB8-8B4A-11D0-8D11-00A0C91BC942}") = "RIEGL_DLL", "RIEGL_DLL\RIEGL_DLL.vcproj", "{10E15DF4-58C4-4143-AD9E-B77666DFAAB5}"
EndProject
Project("{8BC9CEB8-8B4A-11D0-8D11-00A0C91BC942}") = "RTS_DLL", "RTS_DLL\RTS_DLL.vcproj", "{A56C826A-954B-4152-A6CC-EB53CB0258FF}"
EndProject
Project("{8BC9CEB8-8B4A-11D0-8D11-00A0C91BC942}") = "RTS_MAP_DLL", "RTS_MAP_DLL\RTS_MAP_DLL.vcproj", "{C477F662-A764-4F15-B824-0F4D24E36FE2}"
EndProject
Project("{8BC9CEB8-8B4A-11D0-8D11-00A0C91BC942}") = "UOS_OLD_DLL", "UOS_OLD_DLL\UOS_OLD_DLL.vcproj", "{ACABEA79-CAFA-43D7-B92A-2B4545C923F7}"
EndProject
Project("{8BC9CEB8-8B4A-11D0-8D11-00A0C91BC942}") = "ZAHN_DLL", "ZAHN_DLL\ZAHN_DLL.vcproj", "{957AF8F1-15D6-439F-96AB-2B84CAFAE8B6}"
EndProject
Project("{8BC9CEB8-8B4A-11D0-8D11-00A0C91BC942}") = "glui library", "SHOW\glui\_glui library.vcproj", "{63EAD4E4-451E-491E-AEFF-EB84DA423DA6}"
EndProject
Project("{8BC9CEB8-8B4A-11D0-8D11-00A0C91BC942}") = "WRL_DLL", "WRL_DLL\WRL_DLL.vcproj", "{D72FB4B8-54BF-4DFA-92C0-43DE7534F2D2}"
EndProject
Project("{8BC9CEB8-8B4A-11D0-8D11-00A0C91BC942}") = "glut32", "glut-3.7.6\lib\glut\glut32.vcproj", "{91EE25B5-8786-45CD-BDDE-70C88F37DB4D}"
EndProject
Project("{8BC9CEB8-8B4A-11D0-8D11-00A0C91BC942}") = "UOS_MAP_DLL", "UOS_MAP_DLL\UOS_MAP_DLL.vcproj", "{418B32F8-C7BD-4A20-8114-C9FC6C50FC69}"
EndProject
Project("{8BC9CEB8-8B4A-11D0-8D11-00A0C91BC942}") = "UOS_FRAMES_DLL", "UOS_FRAMES_DLL\UOS_FRAMES_DLL.vcproj", "{48283BF7-B02D-4810-83EC-F13BDC7A65BA}"
EndProject
Project("{8BC9CEB8-8B4A-11D0-8D11-00A0C91BC942}") = "UOS_MAP_FRAMES_DLL", "UOS_MAP_FRAMES_DLL\UOS_MAP_FRAMES_DLL.vcproj", "{EF5BE061-1BED-41C2-A8B0-C7C9C737DC9D}"
EndProject
Global
	GlobalSection(SolutionConfigurationPlatforms) = preSolution
		Debug|Win32 = Debug|Win32
		Release|Win32 = Release|Win32
	EndGlobalSection
	GlobalSection(ProjectConfigurationPlatforms) = postSolution
		{7A2EB866-70DB-4ACF-9CB8-E19BEFD06C10}.Debug|Win32.ActiveCfg = Debug|Win32
		{7A2EB866-70DB-4ACF-9CB8-E19BEFD06C10}.Debug|Win32.Build.0 = Debug|Win32
		{7A2EB866-70DB-4ACF-9CB8-E19BEFD06C10}.Release|Win32.ActiveCfg = Release|Win32
		{7A2EB866-70DB-4ACF-9CB8-E19BEFD06C10}.Release|Win32.Build.0 = Release|Win32
		{B2000A32-8375-4DF8-8F9A-824F32840D8E}.Debug|Win32.ActiveCfg = Debug|Win32
		{B2000A32-8375-4DF8-8F9A-824F32840D8E}.Debug|Win32.Build.0 = Debug|Win32
		{B2000A32-8375-4DF8-8F9A-824F32840D8E}.Release|Win32.ActiveCfg = Release|Win32
		{B2000A32-8375-4DF8-8F9A-824F32840D8E}.Release|Win32.Build.0 = Release|Win32
		{B7D31627-C8B2-40F1-BA56-22748CBF6852}.Debug|Win32.ActiveCfg = Debug|Win32
		{B7D31627-C8B2-40F1-BA56-22748CBF6852}.Debug|Win32.Build.0 = Debug|Win32
		{B7D31627-C8B2-40F1-BA56-22748CBF6852}.Release|Win32.ActiveCfg = Release|Win32
		{B7D31627-C8B2-40F1-BA56-22748CBF6852}.Release|Win32.Build.0 = Release|Win32
		{811189A4-8BD9-49E1-967C-A0C650E91E40}.Debug|Win32.ActiveCfg = Debug|Win32
		{811189A4-8BD9-49E1-967C-A0C650E91E40}.Debug|Win32.Build.0 = Debug|Win32
		{811189A4-8BD9-49E1-967C-A0C650E91E40}.Release|Win32.ActiveCfg = Release|Win32
		{811189A4-8BD9-49E1-967C-A0C650E91E40}.Release|Win32.Build.0 = Release|Win32
		{0ED74269-31AF-49E0-80A6-04409ACF8422}.Debug|Win32.ActiveCfg = Debug|Win32
		{0ED74269-31AF-49E0-80A6-04409ACF8422}.Debug|Win32.Build.0 = Debug|Win32
		{0ED74269-31AF-49E0-80A6-04409ACF8422}.Release|Win32.ActiveCfg = Release|Win32
		{0ED74269-31AF-49E0-80A6-04409ACF8422}.Release|Win32.Build.0 = Release|Win32
		{10E15DF4-58C4-4143-AD9E-B77666DFAAB5}.Debug|Win32.ActiveCfg = Debug|Win32
		{10E15DF4-58C4-4143-AD9E-B77666DFAAB5}.Debug|Win32.Build.0 = Debug|Win32
		{10E15DF4-58C4-4143-AD9E-B77666DFAAB5}.Release|Win32.ActiveCfg = Release|Win32
		{10E15DF4-58C4-4143-AD9E-B77666DFAAB5}.Release|Win32.Build.0 = Release|Win32
		{A56C826A-954B-4152-A6CC-EB53CB0258FF}.Debug|Win32.ActiveCfg = Debug|Win32
		{A56C826A-954B-4152-A6CC-EB53CB0258FF}.Debug|Win32.Build.0 = Debug|Win32
		{A56C826A-954B-4152-A6CC-EB53CB0258FF}.Release|Win32.ActiveCfg = Release|Win32
		{A56C826A-954B-4152-A6CC-EB53CB0258FF}.Release|Win32.Build.0 = Release|Win32
		{C477F662-A764-4F15-B824-0F4D24E36FE2}.Debug|Win32.ActiveCfg = Debug|Win32
		{C477F662-A764-4F15-B824-0F4D24E36FE2}.Debug|Win32.Build.0 = Debug|Win32
		{C477F662-A764-4F15-B824-0F4D24E36FE2}.Release|Win32.ActiveCfg = Release|Win32
		{C477F662-A764-4F15-B824-0F4D24E36FE2}.Release|Win32.Build.0 = Release|Win32
		{ACABEA79-CAFA-43D7-B92A-2B4545C923F7}.Debug|Win32.ActiveCfg = Debug|Win32
		{ACABEA79-CAFA-43D7-B92A-2B4545C923F7}.Debug|Win32.Build.0 = Debug|Win32
		{ACABEA79-CAFA-43D7-B92A-2B4545C923F7}.Release|Win32.ActiveCfg = Release|Win32
		{ACABEA79-CAFA-43D7-B92A-2B4545C923F7}.Release|Win32.Build.0 = Release|Win32
		{957AF8F1-15D6-439F-96AB-2B84CAFAE8B6}.Debug|Win32.ActiveCfg = Debug|Win32
		{957AF8F1-15D6-439F-96AB-2B84CAFAE8B6}.Debug|Win32.Build.0 = Debug|Win32
		{957AF8F1-15D6-439F-96AB-2B84CAFAE8B6}.Release|Win32.ActiveCfg = Release|Win32
		{957AF8F1-15D6-439F-96AB-2B84CAFAE8B6}.Release|Win32.Build.0 = Release|Win32
		{63EAD4E4-451E-491E-AEFF-EB84DA423DA6}.Debug|Win32.ActiveCfg = Debug|Win32
		{63EAD4E4-451E-491E-AEFF-EB84DA423DA6}.Debug|Win32.Build.0 = Debug|Win32
		{63EAD4E4-451E-491E-AEFF-EB84DA423DA6}.Release|Win32.ActiveCfg = Release|Win32
		{63EAD4E4-451E-491E-AEFF-EB84DA423DA6}.Release|Win32.Build.0 = Release|Win32
		{D72FB4B8-54BF-4DFA-92C0-43DE7534F2D2}.Debug|Win32.ActiveCfg = Debug|Win32
		{D72FB4B8-54BF-4DFA-92C0-43DE7534F2D2}.Debug|Win32.Build.0 = Debug|Win32
		{D72FB4B8-54BF-4DFA-92C0-43DE7534F2D2}.Release|Win32.ActiveCfg = Release|Win32
		{D72FB4B8-54BF-4DFA-92C0-43DE7534F2D2}.Release|Win32.Build.0 = Release|Win32
		{91EE25B5-8786-45CD-BDDE-70C88F37DB4D}.Debug|Win32.ActiveCfg = Debug|Win32
		{91EE25B5-8786-45CD-BDDE-70C88F37DB4D}.Debug|Win32.Build.0 = Debug|Win32
		{91EE25B5-8786-45CD-BDDE-70C88F37DB4D}.Release|Win32.ActiveCfg = Release|Win32
		{91EE25B5-8786-45CD-BDDE-70C88F37DB4D}.Release|Win32.Build.0 = Release|Win32
		{418B32F8-C7BD-4A20-8114-C9FC6C50FC69}.Debug|Win32.ActiveCfg = Debug|Win32
		{418B32F8-C7BD-4A20-8114-C9FC6C50FC69}.Debug|Win32.Build.0 = Debug|Win32
		{418B32F8-C7BD-4A20-8114-C9FC6C50FC69}.Release|Win32.ActiveCfg = Release|Win32
		{418B32F8-C7BD-4A20-8114-C9FC6C50FC69}.Release|Win32.Build.0 = Release|Win32
		{48283BF7-B02D-4810-83EC-F13BDC7A65BA}.Debug|Win32.ActiveCfg = Debug|Win32
		{48283BF7-B02D-4810-83EC-F13BDC7A65BA}.Debug|Win32.Build.0 = Debug|Win32
		{48283BF7-B02D-4810-83EC-F13BDC7A65BA}.Release|Win32.ActiveCfg = Release|Win32
		{48283BF7-B02D-4810-83EC-F13BDC7A65BA}.Release|Win32.Build.0 = Release|Win32
		{EF5BE061-1BED-41C2-A8B0-C7C9C737DC9D}.Debug|Win32.ActiveCfg = Debug|Win32
		{EF5BE061-1BED-41C2-A8B0-C7C9C737DC9D}.Debug|Win32.Build.0 = Debug|Win32
		{EF5BE061-1BED-41C2-A8B0-C7C9C737DC9D}.Release|Win32.ActiveCfg = Release|Win32
		{EF5BE061-1BED-41C2-A8B0-C7C9C737DC9D}.Release|Win32.Build.0 = Release|Win32
	EndGlobalSection
	GlobalSection(SolutionProperties) = preSolution
		HideSolutionNode = FALSE
	EndGlobalSection
EndGlobal
