Microsoft Visual Studio Solution File, Format Version 9.00
# Visual Studio 2005
Project("{8BC9CEB8-8B4A-11D0-8D11-00A0C91BC942}") = "SHOW", "SHOW\SHOW.vcproj", "{7A2EB866-70DB-4ACF-9CB8-E19BEFD06C10}"
EndProject
Project("{8BC9CEB8-8B4A-11D0-8D11-00A0C91BC942}") = "6D_SLAM", "6D_SLAM\6D_SLAM.vcproj", "{B2000A32-8375-4DF8-8F9A-824F32840D8E}"
EndProject
Project("{8BC9CEB8-8B4A-11D0-8D11-00A0C91BC942}") = "UOS_DLL", "UOS_DLL\UOS_DLL.vcproj", "{B7D31627-C8B2-40F1-BA56-22748CBF6852}"
EndProject
Project("{8BC9CEB8-8B4A-11D0-8D11-00A0C91BC942}") = "IFP_DLL", "IFP_DLL\IFP_DLL.vcproj", "{811189A4-8BD9-49E1-967C-A0C650E91E40}"
EndProject
Project("{8BC9CEB8-8B4A-11D0-8D11-00A0C91BC942}") = "PLY_DLL", "PLY_DLL\PLY_DLL.vcproj", "{0ED74269-31AF-49E0-80A6-04409ACF8422}"
EndProject
Project("{8BC9CEB8-8B4A-11D0-8D11-00A0C91BC942}") = "RIEGL_TXT_DLL", "RIEGL_DLL\RIEGL_DLL.vcproj", "{10E15DF4-58C4-4143-AD9E-B77666DFAAB5}"
EndProject
Project("{8BC9CEB8-8B4A-11D0-8D11-00A0C91BC942}") = "RTS_DLL", "RTS_DLL\RTS_DLL.vcproj", "{A56C826A-954B-4152-A6CC-EB53CB0258FF}"
EndProject
Project("{8BC9CEB8-8B4A-11D0-8D11-00A0C91BC942}") = "RTS_MAP_DLL", "RTS_MAP_DLL\RTS_MAP_DLL.vcproj", "{C477F662-A764-4F15-B824-0F4D24E36FE2}"
EndProject
Project("{8BC9CEB8-8B4A-11D0-8D11-00A0C91BC942}") = "UOS_OLD_DLL", "UOS_OLD_DLL\UOS_OLD_DLL.vcproj", "{ACABEA79-CAFA-43D7-B92A-2B4545C923F7}"
EndProject
Project("{8BC9CEB8-8B4A-11D0-8D11-00A0C91BC942}") = "ZAHN_DLL", "ZAHN_DLL\ZAHN_DLL.vcproj", "{957AF8F1-15D6-439F-96AB-2B84CAFAE8B6}"
EndProject
Project("{8BC9CEB8-8B4A-11D0-8D11-00A0C91BC942}") = "glui library", "SHOW\glui\_glui library.vcproj", "{63EAD4E4-451E-491E-AEFF-EB84DA423DA6}"
EndProject
Project("{8BC9CEB8-8B4A-11D0-8D11-00A0C91BC942}") = "WRL_DLL", "WRL_DLL\WRL_DLL.vcproj", "{D72FB4B8-54BF-4DFA-92C0-43DE7534F2D2}"
EndProject
Project("{8BC9CEB8-8B4A-11D0-8D11-00A0C91BC942}") = "glut32", "glut-3.7.6\lib\glut\glut32.vcproj", "{91EE25B5-8786-45CD-BDDE-70C88F37DB4D}"
EndProject
Project("{8BC9CEB8-8B4A-11D0-8D11-00A0C91BC942}") = "UOS_MAP_DLL", "UOS_MAP_DLL\UOS_MAP_DLL.vcproj", "{418B32F8-C7BD-4A20-8114-C9FC6C50FC69}"
EndProject
Project("{8BC9CEB8-8B4A-11D0-8D11-00A0C91BC942}") = "UOS_FRAMES_DLL", "UOS_FRAMES_DLL\UOS_FRAMES_DLL.vcproj", "{48283BF7-B02D-4810-83EC-F13BDC7A65BA}"
EndProject
Project("{8BC9CEB8-8B4A-11D0-8D11-00A0C91BC942}") = "UOS_MAP_FRAMES_DLL", "UOS_MAP_FRAMES_DLL\UOS_MAP_FRAMES_DLL.vcproj", "{EF5BE061-1BED-41C2-A8B0-C7C9C737DC9D}"
EndProject
Project("{8BC9CEB8-8B4A-11D0-8D11-00A0C91BC942}") = "SCAN_RED", "scan_red\scan_red.vcproj", "{85801526-22DA-421F-84EA-627663097510}"
	ProjectSection(ProjectDependencies) = postProject
		{B2000A32-8375-4DF8-8F9A-824F32840D8E} = {B2000A32-8375-4DF8-8F9A-824F32840D8E}
	EndProjectSection
EndProject
Project("{8BC9CEB8-8B4A-11D0-8D11-00A0C91BC942}") = "FRONT_DLL", "FRONT_DLL\FRONT_DLL.vcproj", "{9706D136-AD64-49F0-836B-FB1ED239133A}"
EndProject
Project("{2150E333-8FDC-42A3-9474-1A3956D46DE8}") = "SIFT", "SIFT", "{B6BE0AE3-2E43-4E34-9562-566CDE967257}"
EndProject
Project("{8BC9CEB8-8B4A-11D0-8D11-00A0C91BC942}") = "READSCAN", "READSCAN\READSCAN.vcproj", "{427342EB-DB9C-4052-9392-FC164A028AAA}"
EndProject
Project("{8BC9CEB8-8B4A-11D0-8D11-00A0C91BC942}") = "PANORAMACREATOR", "PANORAMACREATOR\PANORAMACREATOR.vcproj", "{47F3D1CF-A524-42B3-BD6F-498C762D7F59}"
EndProject
Project("{8BC9CEB8-8B4A-11D0-8D11-00A0C91BC942}") = "GENERATESIFTFEATURES", "GENERATESIFTFEATURES\GENERATESIFTFEATURES.vcproj", "{9786D3C7-3BFA-4113-A86A-285A92EF6CFB}"
EndProject
Project("{8BC9CEB8-8B4A-11D0-8D11-00A0C91BC942}") = "MATCHSIFTFEATURES", "MATCHSIFTFEATURES\MATCHSIFTFEATURES.vcproj", "{CD9627B0-DD84-45B2-9261-10AABF9174CA}"
EndProject
Project("{8BC9CEB8-8B4A-11D0-8D11-00A0C91BC942}") = "REGISTERSCANS", "REGISTERSCANS\REGISTERSCANS.vcproj", "{35760145-7CB4-4D51-8788-C7178A24EB94}"
EndProject
Project("{2150E333-8FDC-42A3-9474-1A3956D46DE8}") = "DLLs", "DLLs", "{1183DBD2-A512-4970-843D-08110E12AD5D}"
EndProject
Global
	GlobalSection(SolutionConfigurationPlatforms) = preSolution
		Debug|Win32 = Debug|Win32
		Release|Win32 = Release|Win32
	EndGlobalSection
	GlobalSection(ProjectConfigurationPlatforms) = postSolution
		{7A2EB866-70DB-4ACF-9CB8-E19BEFD06C10}.Debug|Win32.ActiveCfg = Debug|Win32
		{7A2EB866-70DB-4ACF-9CB8-E19BEFD06C10}.Debug|Win32.Build.0 = Debug|Win32
		{7A2EB866-70DB-4ACF-9CB8-E19BEFD06C10}.Release|Win32.ActiveCfg = Release|Win32
		{7A2EB866-70DB-4ACF-9CB8-E19BEFD06C10}.Release|Win32.Build.0 = Release|Win32
		{B2000A32-8375-4DF8-8F9A-824F32840D8E}.Debug|Win32.ActiveCfg = Debug|Win32
		{B2000A32-8375-4DF8-8F9A-824F32840D8E}.Debug|Win32.Build.0 = Debug|Win32
		{B2000A32-8375-4DF8-8F9A-824F32840D8E}.Release|Win32.ActiveCfg = Release|Win32
		{B2000A32-8375-4DF8-8F9A-824F32840D8E}.Release|Win32.Build.0 = Release|Win32
		{B7D31627-C8B2-40F1-BA56-22748CBF6852}.Debug|Win32.ActiveCfg = Debug|Win32
		{B7D31627-C8B2-40F1-BA56-22748CBF6852}.Debug|Win32.Build.0 = Debug|Win32
		{B7D31627-C8B2-40F1-BA56-22748CBF6852}.Release|Win32.ActiveCfg = Release|Win32
		{B7D31627-C8B2-40F1-BA56-22748CBF6852}.Release|Win32.Build.0 = Release|Win32
		{811189A4-8BD9-49E1-967C-A0C650E91E40}.Debug|Win32.ActiveCfg = Debug|Win32
		{811189A4-8BD9-49E1-967C-A0C650E91E40}.Debug|Win32.Build.0 = Debug|Win32
		{811189A4-8BD9-49E1-967C-A0C650E91E40}.Release|Win32.ActiveCfg = Release|Win32
		{811189A4-8BD9-49E1-967C-A0C650E91E40}.Release|Win32.Build.0 = Release|Win32
		{0ED74269-31AF-49E0-80A6-04409ACF8422}.Debug|Win32.ActiveCfg = Debug|Win32
		{0ED74269-31AF-49E0-80A6-04409ACF8422}.Debug|Win32.Build.0 = Debug|Win32
		{0ED74269-31AF-49E0-80A6-04409ACF8422}.Release|Win32.ActiveCfg = Release|Win32
		{0ED74269-31AF-49E0-80A6-04409ACF8422}.Release|Win32.Build.0 = Release|Win32
		{10E15DF4-58C4-4143-AD9E-B77666DFAAB5}.Debug|Win32.ActiveCfg = Debug|Win32
		{10E15DF4-58C4-4143-AD9E-B77666DFAAB5}.Debug|Win32.Build.0 = Debug|Win32
		{10E15DF4-58C4-4143-AD9E-B77666DFAAB5}.Release|Win32.ActiveCfg = Release|Win32
		{10E15DF4-58C4-4143-AD9E-B77666DFAAB5}.Release|Win32.Build.0 = Release|Win32
		{A56C826A-954B-4152-A6CC-EB53CB0258FF}.Debug|Win32.ActiveCfg = Debug|Win32
		{A56C826A-954B-4152-A6CC-EB53CB0258FF}.Debug|Win32.Build.0 = Debug|Win32
		{A56C826A-954B-4152-A6CC-EB53CB0258FF}.Release|Win32.ActiveCfg = Release|Win32
		{A56C826A-954B-4152-A6CC-EB53CB0258FF}.Release|Win32.Build.0 = Release|Win32
		{C477F662-A764-4F15-B824-0F4D24E36FE2}.Debug|Win32.ActiveCfg = Debug|Win32
		{C477F662-A764-4F15-B824-0F4D24E36FE2}.Debug|Win32.Build.0 = Debug|Win32
		{C477F662-A764-4F15-B824-0F4D24E36FE2}.Release|Win32.ActiveCfg = Release|Win32
		{C477F662-A764-4F15-B824-0F4D24E36FE2}.Release|Win32.Build.0 = Release|Win32
		{ACABEA79-CAFA-43D7-B92A-2B4545C923F7}.Debug|Win32.ActiveCfg = Debug|Win32
		{ACABEA79-CAFA-43D7-B92A-2B4545C923F7}.Debug|Win32.Build.0 = Debug|Win32
		{ACABEA79-CAFA-43D7-B92A-2B4545C923F7}.Release|Win32.ActiveCfg = Release|Win32
		{ACABEA79-CAFA-43D7-B92A-2B4545C923F7}.Release|Win32.Build.0 = Release|Win32
		{957AF8F1-15D6-439F-96AB-2B84CAFAE8B6}.Debug|Win32.ActiveCfg = Debug|Win32
		{957AF8F1-15D6-439F-96AB-2B84CAFAE8B6}.Debug|Win32.Build.0 = Debug|Win32
		{957AF8F1-15D6-439F-96AB-2B84CAFAE8B6}.Release|Win32.ActiveCfg = Release|Win32
		{957AF8F1-15D6-439F-96AB-2B84CAFAE8B6}.Release|Win32.Build.0 = Release|Win32
		{63EAD4E4-451E-491E-AEFF-EB84DA423DA6}.Debug|Win32.ActiveCfg = Debug|Win32
		{63EAD4E4-451E-491E-AEFF-EB84DA423DA6}.Debug|Win32.Build.0 = Debug|Win32
		{63EAD4E4-451E-491E-AEFF-EB84DA423DA6}.Release|Win32.ActiveCfg = Release|Win32
		{63EAD4E4-451E-491E-AEFF-EB84DA423DA6}.Release|Win32.Build.0 = Release|Win32
		{D72FB4B8-54BF-4DFA-92C0-43DE7534F2D2}.Debug|Win32.ActiveCfg = Debug|Win32
		{D72FB4B8-54BF-4DFA-92C0-43DE7534F2D2}.Debug|Win32.Build.0 = Debug|Win32
		{D72FB4B8-54BF-4DFA-92C0-43DE7534F2D2}.Release|Win32.ActiveCfg = Release|Win32
		{D72FB4B8-54BF-4DFA-92C0-43DE7534F2D2}.Release|Win32.Build.0 = Release|Win32
		{91EE25B5-8786-45CD-BDDE-70C88F37DB4D}.Debug|Win32.ActiveCfg = Debug|Win32
		{91EE25B5-8786-45CD-BDDE-70C88F37DB4D}.Debug|Win32.Build.0 = Debug|Win32
		{91EE25B5-8786-45CD-BDDE-70C88F37DB4D}.Release|Win32.ActiveCfg = Release|Win32
		{91EE25B5-8786-45CD-BDDE-70C88F37DB4D}.Release|Win32.Build.0 = Release|Win32
		{418B32F8-C7BD-4A20-8114-C9FC6C50FC69}.Debug|Win32.ActiveCfg = Debug|Win32
		{418B32F8-C7BD-4A20-8114-C9FC6C50FC69}.Debug|Win32.Build.0 = Debug|Win32
		{418B32F8-C7BD-4A20-8114-C9FC6C50FC69}.Release|Win32.ActiveCfg = Release|Win32
		{418B32F8-C7BD-4A20-8114-C9FC6C50FC69}.Release|Win32.Build.0 = Release|Win32
		{48283BF7-B02D-4810-83EC-F13BDC7A65BA}.Debug|Win32.ActiveCfg = Debug|Win32
		{48283BF7-B02D-4810-83EC-F13BDC7A65BA}.Debug|Win32.Build.0 = Debug|Win32
		{48283BF7-B02D-4810-83EC-F13BDC7A65BA}.Release|Win32.ActiveCfg = Release|Win32
		{48283BF7-B02D-4810-83EC-F13BDC7A65BA}.Release|Win32.Build.0 = Release|Win32
		{EF5BE061-1BED-41C2-A8B0-C7C9C737DC9D}.Debug|Win32.ActiveCfg = Debug|Win32
		{EF5BE061-1BED-41C2-A8B0-C7C9C737DC9D}.Debug|Win32.Build.0 = Debug|Win32
		{EF5BE061-1BED-41C2-A8B0-C7C9C737DC9D}.Release|Win32.ActiveCfg = Release|Win32
		{EF5BE061-1BED-41C2-A8B0-C7C9C737DC9D}.Release|Win32.Build.0 = Release|Win32
		{85801526-22DA-421F-84EA-627663097510}.Debug|Win32.ActiveCfg = Debug|Win32
		{85801526-22DA-421F-84EA-627663097510}.Debug|Win32.Build.0 = Debug|Win32
		{85801526-22DA-421F-84EA-627663097510}.Release|Win32.ActiveCfg = Release|Win32
		{85801526-22DA-421F-84EA-627663097510}.Release|Win32.Build.0 = Release|Win32
		{9706D136-AD64-49F0-836B-FB1ED239133A}.Debug|Win32.ActiveCfg = Debug|Win32
		{9706D136-AD64-49F0-836B-FB1ED239133A}.Debug|Win32.Build.0 = Debug|Win32
		{9706D136-AD64-49F0-836B-FB1ED239133A}.Release|Win32.ActiveCfg = Release|Win32
		{9706D136-AD64-49F0-836B-FB1ED239133A}.Release|Win32.Build.0 = Release|Win32
		{427342EB-DB9C-4052-9392-FC164A028AAA}.Debug|Win32.ActiveCfg = Debug|Win32
		{427342EB-DB9C-4052-9392-FC164A028AAA}.Debug|Win32.Build.0 = Debug|Win32
		{427342EB-DB9C-4052-9392-FC164A028AAA}.Release|Win32.ActiveCfg = Release|Win32
		{427342EB-DB9C-4052-9392-FC164A028AAA}.Release|Win32.Build.0 = Release|Win32
		{47F3D1CF-A524-42B3-BD6F-498C762D7F59}.Debug|Win32.ActiveCfg = Debug|Win32
		{47F3D1CF-A524-42B3-BD6F-498C762D7F59}.Debug|Win32.Build.0 = Debug|Win32
		{47F3D1CF-A524-42B3-BD6F-498C762D7F59}.Release|Win32.ActiveCfg = Release|Win32
		{47F3D1CF-A524-42B3-BD6F-498C762D7F59}.Release|Win32.Build.0 = Release|Win32
		{9786D3C7-3BFA-4113-A86A-285A92EF6CFB}.Debug|Win32.ActiveCfg = Debug|Win32
		{9786D3C7-3BFA-4113-A86A-285A92EF6CFB}.Debug|Win32.Build.0 = Debug|Win32
		{9786D3C7-3BFA-4113-A86A-285A92EF6CFB}.Release|Win32.ActiveCfg = Release|Win32
		{9786D3C7-3BFA-4113-A86A-285A92EF6CFB}.Release|Win32.Build.0 = Release|Win32
		{CD9627B0-DD84-45B2-9261-10AABF9174CA}.Debug|Win32.ActiveCfg = Debug|Win32
		{CD9627B0-DD84-45B2-9261-10AABF9174CA}.Debug|Win32.Build.0 = Debug|Win32
		{CD9627B0-DD84-45B2-9261-10AABF9174CA}.Release|Win32.ActiveCfg = Release|Win32
		{CD9627B0-DD84-45B2-9261-10AABF9174CA}.Release|Win32.Build.0 = Release|Win32
		{35760145-7CB4-4D51-8788-C7178A24EB94}.Debug|Win32.ActiveCfg = Debug|Win32
		{35760145-7CB4-4D51-8788-C7178A24EB94}.Debug|Win32.Build.0 = Debug|Win32
		{35760145-7CB4-4D51-8788-C7178A24EB94}.Release|Win32.ActiveCfg = Release|Win32
		{35760145-7CB4-4D51-8788-C7178A24EB94}.Release|Win32.Build.0 = Release|Win32
	EndGlobalSection
	GlobalSection(SolutionProperties) = preSolution
		HideSolutionNode = FALSE
	EndGlobalSection
	GlobalSection(NestedProjects) = preSolution
		{427342EB-DB9C-4052-9392-FC164A028AAA} = {B6BE0AE3-2E43-4E34-9562-566CDE967257}
		{47F3D1CF-A524-42B3-BD6F-498C762D7F59} = {B6BE0AE3-2E43-4E34-9562-566CDE967257}
		{9786D3C7-3BFA-4113-A86A-285A92EF6CFB} = {B6BE0AE3-2E43-4E34-9562-566CDE967257}
		{CD9627B0-DD84-45B2-9261-10AABF9174CA} = {B6BE0AE3-2E43-4E34-9562-566CDE967257}
		{35760145-7CB4-4D51-8788-C7178A24EB94} = {B6BE0AE3-2E43-4E34-9562-566CDE967257}
		{9706D136-AD64-49F0-836B-FB1ED239133A} = {1183DBD2-A512-4970-843D-08110E12AD5D}
		{811189A4-8BD9-49E1-967C-A0C650E91E40} = {1183DBD2-A512-4970-843D-08110E12AD5D}
		{0ED74269-31AF-49E0-80A6-04409ACF8422} = {1183DBD2-A512-4970-843D-08110E12AD5D}
		{10E15DF4-58C4-4143-AD9E-B77666DFAAB5} = {1183DBD2-A512-4970-843D-08110E12AD5D}
		{A56C826A-954B-4152-A6CC-EB53CB0258FF} = {1183DBD2-A512-4970-843D-08110E12AD5D}
		{C477F662-A764-4F15-B824-0F4D24E36FE2} = {1183DBD2-A512-4970-843D-08110E12AD5D}
		{B7D31627-C8B2-40F1-BA56-22748CBF6852} = {1183DBD2-A512-4970-843D-08110E12AD5D}
		{48283BF7-B02D-4810-83EC-F13BDC7A65BA} = {1183DBD2-A512-4970-843D-08110E12AD5D}
		{418B32F8-C7BD-4A20-8114-C9FC6C50FC69} = {1183DBD2-A512-4970-843D-08110E12AD5D}
		{EF5BE061-1BED-41C2-A8B0-C7C9C737DC9D} = {1183DBD2-A512-4970-843D-08110E12AD5D}
		{ACABEA79-CAFA-43D7-B92A-2B4545C923F7} = {1183DBD2-A512-4970-843D-08110E12AD5D}
		{D72FB4B8-54BF-4DFA-92C0-43DE7534F2D2} = {1183DBD2-A512-4970-843D-08110E12AD5D}
		{957AF8F1-15D6-439F-96AB-2B84CAFAE8B6} = {1183DBD2-A512-4970-843D-08110E12AD5D}
	EndGlobalSection
EndGlobal
